// !$*UTF8*$!
{
	archiveVersion = 1;
	classes = {
	};
	objectVersion = 46;
	objects = {

/* Begin PBXBuildFile section */
		550A1FF31B1794BD004302A7 /* SetUpItems.swift in Sources */ = {isa = PBXBuildFile; fileRef = 550A1FF21B1794BD004302A7 /* SetUpItems.swift */; };
		550A1FF51B179E9F004302A7 /* ReadMe.txt in Resources */ = {isa = PBXBuildFile; fileRef = 550A1FF41B179E9F004302A7 /* ReadMe.txt */; };
		554427D21B06390F00C92AEB /* NormalItemTests.swift in Sources */ = {isa = PBXBuildFile; fileRef = 554427D11B06390F00C92AEB /* NormalItemTests.swift */; };
		554427D41B063B7900C92AEB /* AgingItemTests.swift in Sources */ = {isa = PBXBuildFile; fileRef = 554427D31B063B7900C92AEB /* AgingItemTests.swift */; };
		554427D61B0641A300C92AEB /* LegendaryItemTests.swift in Sources */ = {isa = PBXBuildFile; fileRef = 554427D51B0641A300C92AEB /* LegendaryItemTests.swift */; };
		554427D81B0642B000C92AEB /* TicketItemTests.swift in Sources */ = {isa = PBXBuildFile; fileRef = 554427D71B0642B000C92AEB /* TicketItemTests.swift */; };
		554427DA1B06482800C92AEB /* ConjuredItemTests.swift in Sources */ = {isa = PBXBuildFile; fileRef = 554427D91B06482800C92AEB /* ConjuredItemTests.swift */; };
		55C394211B0235BC006B3769 /* AppDelegate.swift in Sources */ = {isa = PBXBuildFile; fileRef = 55C394201B0235BC006B3769 /* AppDelegate.swift */; };
		55C394231B0235BC006B3769 /* ViewController.swift in Sources */ = {isa = PBXBuildFile; fileRef = 55C394221B0235BC006B3769 /* ViewController.swift */; };
		55C394261B0235BC006B3769 /* Main.storyboard in Resources */ = {isa = PBXBuildFile; fileRef = 55C394241B0235BC006B3769 /* Main.storyboard */; };
		55C394281B0235BC006B3769 /* Images.xcassets in Resources */ = {isa = PBXBuildFile; fileRef = 55C394271B0235BC006B3769 /* Images.xcassets */; };
		55C3942B1B0235BC006B3769 /* LaunchScreen.xib in Resources */ = {isa = PBXBuildFile; fileRef = 55C394291B0235BC006B3769 /* LaunchScreen.xib */; };
		55C394411B0235E4006B3769 /* GildedRose.swift in Sources */ = {isa = PBXBuildFile; fileRef = 55C394401B0235E4006B3769 /* GildedRose.swift */; };
		55C394421B023610006B3769 /* GildedRose.swift in Sources */ = {isa = PBXBuildFile; fileRef = 55C394401B0235E4006B3769 /* GildedRose.swift */; };
/* End PBXBuildFile section */

/* Begin PBXContainerItemProxy section */
		55C394311B0235BC006B3769 /* PBXContainerItemProxy */ = {
			isa = PBXContainerItemProxy;
			containerPortal = 55C394131B0235BC006B3769 /* Project object */;
			proxyType = 1;
			remoteGlobalIDString = 55C3941A1B0235BC006B3769;
			remoteInfo = GildedRoseKata;
		};
/* End PBXContainerItemProxy section */

/* Begin PBXFileReference section */
		550A1FF21B1794BD004302A7 /* SetUpItems.swift */ = {isa = PBXFileReference; fileEncoding = 4; lastKnownFileType = sourcecode.swift; path = SetUpItems.swift; sourceTree = "<group>"; };
		550A1FF41B179E9F004302A7 /* ReadMe.txt */ = {isa = PBXFileReference; fileEncoding = 4; lastKnownFileType = text; path = ReadMe.txt; sourceTree = "<group>"; };
		554427D11B06390F00C92AEB /* NormalItemTests.swift */ = {isa = PBXFileReference; fileEncoding = 4; lastKnownFileType = sourcecode.swift; path = NormalItemTests.swift; sourceTree = "<group>"; };
		554427D31B063B7900C92AEB /* AgingItemTests.swift */ = {isa = PBXFileReference; fileEncoding = 4; lastKnownFileType = sourcecode.swift; path = AgingItemTests.swift; sourceTree = "<group>"; };
		554427D51B0641A300C92AEB /* LegendaryItemTests.swift */ = {isa = PBXFileReference; fileEncoding = 4; lastKnownFileType = sourcecode.swift; path = LegendaryItemTests.swift; sourceTree = "<group>"; };
		554427D71B0642B000C92AEB /* TicketItemTests.swift */ = {isa = PBXFileReference; fileEncoding = 4; lastKnownFileType = sourcecode.swift; path = TicketItemTests.swift; sourceTree = "<group>"; };
		554427D91B06482800C92AEB /* ConjuredItemTests.swift */ = {isa = PBXFileReference; fileEncoding = 4; lastKnownFileType = sourcecode.swift; path = ConjuredItemTests.swift; sourceTree = "<group>"; };
		55C3941B1B0235BC006B3769 /* GildedRoseKata.app */ = {isa = PBXFileReference; explicitFileType = wrapper.application; includeInIndex = 0; path = GildedRoseKata.app; sourceTree = BUILT_PRODUCTS_DIR; };
		55C3941F1B0235BC006B3769 /* Info.plist */ = {isa = PBXFileReference; lastKnownFileType = text.plist.xml; path = Info.plist; sourceTree = "<group>"; };
		55C394201B0235BC006B3769 /* AppDelegate.swift */ = {isa = PBXFileReference; lastKnownFileType = sourcecode.swift; path = AppDelegate.swift; sourceTree = "<group>"; };
		55C394221B0235BC006B3769 /* ViewController.swift */ = {isa = PBXFileReference; lastKnownFileType = sourcecode.swift; path = ViewController.swift; sourceTree = "<group>"; };
		55C394251B0235BC006B3769 /* Base */ = {isa = PBXFileReference; lastKnownFileType = file.storyboard; name = Base; path = Base.lproj/Main.storyboard; sourceTree = "<group>"; };
		55C394271B0235BC006B3769 /* Images.xcassets */ = {isa = PBXFileReference; lastKnownFileType = folder.assetcatalog; path = Images.xcassets; sourceTree = "<group>"; };
		55C3942A1B0235BC006B3769 /* Base */ = {isa = PBXFileReference; lastKnownFileType = file.xib; name = Base; path = Base.lproj/LaunchScreen.xib; sourceTree = "<group>"; };
		55C394301B0235BC006B3769 /* GildedRoseKataTests.xctest */ = {isa = PBXFileReference; explicitFileType = wrapper.cfbundle; includeInIndex = 0; path = GildedRoseKataTests.xctest; sourceTree = BUILT_PRODUCTS_DIR; };
		55C394351B0235BC006B3769 /* Info.plist */ = {isa = PBXFileReference; lastKnownFileType = text.plist.xml; path = Info.plist; sourceTree = "<group>"; };
		55C394401B0235E4006B3769 /* GildedRose.swift */ = {isa = PBXFileReference; fileEncoding = 4; lastKnownFileType = sourcecode.swift; path = GildedRose.swift; sourceTree = "<group>"; };
/* End PBXFileReference section */

/* Begin PBXFrameworksBuildPhase section */
		55C394181B0235BC006B3769 /* Frameworks */ = {
			isa = PBXFrameworksBuildPhase;
			buildActionMask = 2147483647;
			files = (
			);
			runOnlyForDeploymentPostprocessing = 0;
		};
		55C3942D1B0235BC006B3769 /* Frameworks */ = {
			isa = PBXFrameworksBuildPhase;
			buildActionMask = 2147483647;
			files = (
			);
			runOnlyForDeploymentPostprocessing = 0;
		};
/* End PBXFrameworksBuildPhase section */

/* Begin PBXGroup section */
		55C394121B0235BC006B3769 = {
			isa = PBXGroup;
			children = (
				55C3941D1B0235BC006B3769 /* GildedRoseKata */,
				55C394331B0235BC006B3769 /* GildedRoseKataTests */,
				55C3941C1B0235BC006B3769 /* Products */,
			);
			sourceTree = "<group>";
		};
		55C3941C1B0235BC006B3769 /* Products */ = {
			isa = PBXGroup;
			children = (
				55C3941B1B0235BC006B3769 /* GildedRoseKata.app */,
				55C394301B0235BC006B3769 /* GildedRoseKataTests.xctest */,
			);
			name = Products;
			sourceTree = "<group>";
		};
		55C3941D1B0235BC006B3769 /* GildedRoseKata */ = {
			isa = PBXGroup;
			children = (
				550A1FF41B179E9F004302A7 /* ReadMe.txt */,
				55C394401B0235E4006B3769 /* GildedRose.swift */,
				55C3941E1B0235BC006B3769 /* Supporting Files */,
			);
			path = GildedRoseKata;
			sourceTree = "<group>";
		};
		55C3941E1B0235BC006B3769 /* Supporting Files */ = {
			isa = PBXGroup;
			children = (
				55C394201B0235BC006B3769 /* AppDelegate.swift */,
				55C394221B0235BC006B3769 /* ViewController.swift */,
				55C394241B0235BC006B3769 /* Main.storyboard */,
				55C394271B0235BC006B3769 /* Images.xcassets */,
				55C394291B0235BC006B3769 /* LaunchScreen.xib */,
				55C3941F1B0235BC006B3769 /* Info.plist */,
			);
			name = "Supporting Files";
			sourceTree = "<group>";
		};
		55C394331B0235BC006B3769 /* GildedRoseKataTests */ = {
			isa = PBXGroup;
			children = (
				554427D11B06390F00C92AEB /* NormalItemTests.swift */,
				554427D31B063B7900C92AEB /* AgingItemTests.swift */,
				554427D51B0641A300C92AEB /* LegendaryItemTests.swift */,
				554427D71B0642B000C92AEB /* TicketItemTests.swift */,
				554427D91B06482800C92AEB /* ConjuredItemTests.swift */,
				550A1FF21B1794BD004302A7 /* SetUpItems.swift */,
				55C394341B0235BC006B3769 /* Supporting Files */,
			);
			path = GildedRoseKataTests;
			sourceTree = "<group>";
		};
		55C394341B0235BC006B3769 /* Supporting Files */ = {
			isa = PBXGroup;
			children = (
				55C394351B0235BC006B3769 /* Info.plist */,
			);
			name = "Supporting Files";
			sourceTree = "<group>";
		};
/* End PBXGroup section */

/* Begin PBXNativeTarget section */
		55C3941A1B0235BC006B3769 /* GildedRoseKata */ = {
			isa = PBXNativeTarget;
			buildConfigurationList = 55C3943A1B0235BC006B3769 /* Build configuration list for PBXNativeTarget "GildedRoseKata" */;
			buildPhases = (
				55C394171B0235BC006B3769 /* Sources */,
				55C394181B0235BC006B3769 /* Frameworks */,
				55C394191B0235BC006B3769 /* Resources */,
			);
			buildRules = (
			);
			dependencies = (
			);
			name = GildedRoseKata;
			productName = GildedRoseKata;
			productReference = 55C3941B1B0235BC006B3769 /* GildedRoseKata.app */;
			productType = "com.apple.product-type.application";
		};
		55C3942F1B0235BC006B3769 /* GildedRoseKataTests */ = {
			isa = PBXNativeTarget;
			buildConfigurationList = 55C3943D1B0235BC006B3769 /* Build configuration list for PBXNativeTarget "GildedRoseKataTests" */;
			buildPhases = (
				55C3942C1B0235BC006B3769 /* Sources */,
				55C3942D1B0235BC006B3769 /* Frameworks */,
				55C3942E1B0235BC006B3769 /* Resources */,
			);
			buildRules = (
			);
			dependencies = (
				55C394321B0235BC006B3769 /* PBXTargetDependency */,
			);
			name = GildedRoseKataTests;
			productName = GildedRoseKataTests;
			productReference = 55C394301B0235BC006B3769 /* GildedRoseKataTests.xctest */;
			productType = "com.apple.product-type.bundle.unit-test";
		};
/* End PBXNativeTarget section */

/* Begin PBXProject section */
		55C394131B0235BC006B3769 /* Project object */ = {
			isa = PBXProject;
			attributes = {
				LastUpgradeCheck = 0630;
				ORGANIZATIONNAME = Turowski;
				TargetAttributes = {
					55C3941A1B0235BC006B3769 = {
						CreatedOnToolsVersion = 6.3.1;
					};
					55C3942F1B0235BC006B3769 = {
						CreatedOnToolsVersion = 6.3.1;
						TestTargetID = 55C3941A1B0235BC006B3769;
					};
				};
			};
			buildConfigurationList = 55C394161B0235BC006B3769 /* Build configuration list for PBXProject "GildedRoseKata" */;
			compatibilityVersion = "Xcode 3.2";
			developmentRegion = English;
			hasScannedForEncodings = 0;
			knownRegions = (
				en,
				Base,
			);
			mainGroup = 55C394121B0235BC006B3769;
			productRefGroup = 55C3941C1B0235BC006B3769 /* Products */;
			projectDirPath = "";
			projectRoot = "";
			targets = (
				55C3941A1B0235BC006B3769 /* GildedRoseKata */,
				55C3942F1B0235BC006B3769 /* GildedRoseKataTests */,
			);
		};
/* End PBXProject section */

/* Begin PBXResourcesBuildPhase section */
		55C394191B0235BC006B3769 /* Resources */ = {
			isa = PBXResourcesBuildPhase;
			buildActionMask = 2147483647;
			files = (
				55C394261B0235BC006B3769 /* Main.storyboard in Resources */,
				55C3942B1B0235BC006B3769 /* LaunchScreen.xib in Resources */,
				550A1FF51B179E9F004302A7 /* ReadMe.txt in Resources */,
				55C394281B0235BC006B3769 /* Images.xcassets in Resources */,
			);
			runOnlyForDeploymentPostprocessing = 0;
		};
		55C3942E1B0235BC006B3769 /* Resources */ = {
			isa = PBXResourcesBuildPhase;
			buildActionMask = 2147483647;
			files = (
			);
			runOnlyForDeploymentPostprocessing = 0;
		};
/* End PBXResourcesBuildPhase section */

/* Begin PBXSourcesBuildPhase section */
		55C394171B0235BC006B3769 /* Sources */ = {
			isa = PBXSourcesBuildPhase;
			buildActionMask = 2147483647;
			files = (
				55C394411B0235E4006B3769 /* GildedRose.swift in Sources */,
				55C394231B0235BC006B3769 /* ViewController.swift in Sources */,
				55C394211B0235BC006B3769 /* AppDelegate.swift in Sources */,
			);
			runOnlyForDeploymentPostprocessing = 0;
		};
		55C3942C1B0235BC006B3769 /* Sources */ = {
			isa = PBXSourcesBuildPhase;
			buildActionMask = 2147483647;
			files = (
				550A1FF31B1794BD004302A7 /* SetUpItems.swift in Sources */,
				55C394421B023610006B3769 /* GildedRose.swift in Sources */,
				554427D61B0641A300C92AEB /* LegendaryItemTests.swift in Sources */,
				554427DA1B06482800C92AEB /* ConjuredItemTests.swift in Sources */,
				554427D81B0642B000C92AEB /* TicketItemTests.swift in Sources */,
				554427D21B06390F00C92AEB /* NormalItemTests.swift in Sources */,
				554427D41B063B7900C92AEB /* AgingItemTests.swift in Sources */,
			);
			runOnlyForDeploymentPostprocessing = 0;
		};
/* End PBXSourcesBuildPhase section */

/* Begin PBXTargetDependency section */
		55C394321B0235BC006B3769 /* PBXTargetDependency */ = {
			isa = PBXTargetDependency;
			target = 55C3941A1B0235BC006B3769 /* GildedRoseKata */;
			targetProxy = 55C394311B0235BC006B3769 /* PBXContainerItemProxy */;
		};
/* End PBXTargetDependency section */

/* Begin PBXVariantGroup section */
		55C394241B0235BC006B3769 /* Main.storyboard */ = {
			isa = PBXVariantGroup;
			children = (
				55C394251B0235BC006B3769 /* Base */,
			);
			name = Main.storyboard;
			sourceTree = "<group>";
		};
		55C394291B0235BC006B3769 /* LaunchScreen.xib */ = {
			isa = PBXVariantGroup;
			children = (
				55C3942A1B0235BC006B3769 /* Base */,
			);
			name = LaunchScreen.xib;
			sourceTree = "<group>";
		};
/* End PBXVariantGroup section */

/* Begin XCBuildConfiguration section */
		55C394381B0235BC006B3769 /* Debug */ = {
			isa = XCBuildConfiguration;
			buildSettings = {
				ALWAYS_SEARCH_USER_PATHS = NO;
				CLANG_CXX_LANGUAGE_STANDARD = "gnu++0x";
				CLANG_CXX_LIBRARY = "libc++";
				CLANG_ENABLE_MODULES = YES;
				CLANG_ENABLE_OBJC_ARC = YES;
				CLANG_WARN_BOOL_CONVERSION = YES;
				CLANG_WARN_CONSTANT_CONVERSION = YES;
				CLANG_WARN_DIRECT_OBJC_ISA_USAGE = YES_ERROR;
				CLANG_WARN_EMPTY_BODY = YES;
				CLANG_WARN_ENUM_CONVERSION = YES;
				CLANG_WARN_INT_CONVERSION = YES;
				CLANG_WARN_OBJC_ROOT_CLASS = YES_ERROR;
				CLANG_WARN_UNREACHABLE_CODE = YES;
				CLANG_WARN__DUPLICATE_METHOD_MATCH = YES;
				"CODE_SIGN_IDENTITY[sdk=iphoneos*]" = "iPhone Developer";
				COPY_PHASE_STRIP = NO;
				DEBUG_INFORMATION_FORMAT = "dwarf-with-dsym";
				ENABLE_STRICT_OBJC_MSGSEND = YES;
				GCC_C_LANGUAGE_STANDARD = gnu99;
				GCC_DYNAMIC_NO_PIC = NO;
				GCC_NO_COMMON_BLOCKS = YES;
				GCC_OPTIMIZATION_LEVEL = 0;
				GCC_PREPROCESSOR_DEFINITIONS = (
					"DEBUG=1",
					"$(inherited)",
				);
				GCC_SYMBOLS_PRIVATE_EXTERN = NO;
				GCC_WARN_64_TO_32_BIT_CONVERSION = YES;
				GCC_WARN_ABOUT_RETURN_TYPE = YES_ERROR;
				GCC_WARN_UNDECLARED_SELECTOR = YES;
				GCC_WARN_UNINITIALIZED_AUTOS = YES_AGGRESSIVE;
				GCC_WARN_UNUSED_FUNCTION = YES;
				GCC_WARN_UNUSED_VARIABLE = YES;
				IPHONEOS_DEPLOYMENT_TARGET = 8.3;
				MTL_ENABLE_DEBUG_INFO = YES;
				ONLY_ACTIVE_ARCH = YES;
				SDKROOT = iphoneos;
				SWIFT_OPTIMIZATION_LEVEL = "-Onone";
			};
			name = Debug;
		};
		55C394391B0235BC006B3769 /* Release */ = {
			isa = XCBuildConfiguration;
			buildSettings = {
				ALWAYS_SEARCH_USER_PATHS = NO;
				CLANG_CXX_LANGUAGE_STANDARD = "gnu++0x";
				CLANG_CXX_LIBRARY = "libc++";
				CLANG_ENABLE_MODULES = YES;
				CLANG_ENABLE_OBJC_ARC = YES;
				CLANG_WARN_BOOL_CONVERSION = YES;
				CLANG_WARN_CONSTANT_CONVERSION = YES;
				CLANG_WARN_DIRECT_OBJC_ISA_USAGE = YES_ERROR;
				CLANG_WARN_EMPTY_BODY = YES;
				CLANG_WARN_ENUM_CONVERSION = YES;
				CLANG_WARN_INT_CONVERSION = YES;
				CLANG_WARN_OBJC_ROOT_CLASS = YES_ERROR;
				CLANG_WARN_UNREACHABLE_CODE = YES;
				CLANG_WARN__DUPLICATE_METHOD_MATCH = YES;
				"CODE_SIGN_IDENTITY[sdk=iphoneos*]" = "iPhone Developer";
				COPY_PHASE_STRIP = NO;
				DEBUG_INFORMATION_FORMAT = "dwarf-with-dsym";
				ENABLE_NS_ASSERTIONS = NO;
				ENABLE_STRICT_OBJC_MSGSEND = YES;
				GCC_C_LANGUAGE_STANDARD = gnu99;
				GCC_NO_COMMON_BLOCKS = YES;
				GCC_WARN_64_TO_32_BIT_CONVERSION = YES;
				GCC_WARN_ABOUT_RETURN_TYPE = YES_ERROR;
				GCC_WARN_UNDECLARED_SELECTOR = YES;
				GCC_WARN_UNINITIALIZED_AUTOS = YES_AGGRESSIVE;
				GCC_WARN_UNUSED_FUNCTION = YES;
				GCC_WARN_UNUSED_VARIABLE = YES;
				IPHONEOS_DEPLOYMENT_TARGET = 8.3;
				MTL_ENABLE_DEBUG_INFO = NO;
				SDKROOT = iphoneos;
				VALIDATE_PRODUCT = YES;
			};
			name = Release;
		};
		55C3943B1B0235BC006B3769 /* Debug */ = {
			isa = XCBuildConfiguration;
			buildSettings = {
				ASSETCATALOG_COMPILER_APPICON_NAME = AppIcon;
				INFOPLIST_FILE = GildedRoseKata/Info.plist;
				LD_RUNPATH_SEARCH_PATHS = "$(inherited) @executable_path/Frameworks";
				PRODUCT_NAME = "$(TARGET_NAME)";
			};
			name = Debug;
		};
		55C3943C1B0235BC006B3769 /* Release */ = {
			isa = XCBuildConfiguration;
			buildSettings = {
				ASSETCATALOG_COMPILER_APPICON_NAME = AppIcon;
				INFOPLIST_FILE = GildedRoseKata/Info.plist;
				LD_RUNPATH_SEARCH_PATHS = "$(inherited) @executable_path/Frameworks";
				PRODUCT_NAME = "$(TARGET_NAME)";
			};
			name = Release;
		};
		55C3943E1B0235BC006B3769 /* Debug */ = {
			isa = XCBuildConfiguration;
			buildSettings = {
				BUNDLE_LOADER = "$(TEST_HOST)";
				FRAMEWORK_SEARCH_PATHS = (
					"$(SDKROOT)/Developer/Library/Frameworks",
					"$(inherited)",
				);
				GCC_PREPROCESSOR_DEFINITIONS = (
					"DEBUG=1",
					"$(inherited)",
				);
				INFOPLIST_FILE = GildedRoseKataTests/Info.plist;
				LD_RUNPATH_SEARCH_PATHS = "$(inherited) @executable_path/Frameworks @loader_path/Frameworks";
				PRODUCT_NAME = "$(TARGET_NAME)";
				TEST_HOST = "$(BUILT_PRODUCTS_DIR)/GildedRoseKata.app/GildedRoseKata";
			};
			name = Debug;
		};
		55C3943F1B0235BC006B3769 /* Release */ = {
			isa = XCBuildConfiguration;
			buildSettings = {
				BUNDLE_LOADER = "$(TEST_HOST)";
				FRAMEWORK_SEARCH_PATHS = (
					"$(SDKROOT)/Developer/Library/Frameworks",
					"$(inherited)",
				);
				INFOPLIST_FILE = GildedRoseKataTests/Info.plist;
				LD_RUNPATH_SEARCH_PATHS = "$(inherited) @executable_path/Frameworks @loader_path/Frameworks";
				PRODUCT_NAME = "$(TARGET_NAME)";
				TEST_HOST = "$(BUILT_PRODUCTS_DIR)/GildedRoseKata.app/GildedRoseKata";
			};
			name = Release;
		};
/* End XCBuildConfiguration section */

/* Begin XCConfigurationList section */
		55C394161B0235BC006B3769 /* Build configuration list for PBXProject "GildedRoseKata" */ = {
			isa = XCConfigurationList;
			buildConfigurations = (
				55C394381B0235BC006B3769 /* Debug */,
				55C394391B0235BC006B3769 /* Release */,
			);
			defaultConfigurationIsVisible = 0;
			defaultConfigurationName = Release;
		};
		55C3943A1B0235BC006B3769 /* Build configuration list for PBXNativeTarget "GildedRoseKata" */ = {
			isa = XCConfigurationList;
			buildConfigurations = (
				55C3943B1B0235BC006B3769 /* Debug */,
				55C3943C1B0235BC006B3769 /* Release */,
			);
			defaultConfigurationIsVisible = 0;
			defaultConfigurationName = Release;
		};
		55C3943D1B0235BC006B3769 /* Build configuration list for PBXNativeTarget "GildedRoseKataTests" */ = {
			isa = XCConfigurationList;
			buildConfigurations = (
				55C3943E1B0235BC006B3769 /* Debug */,
				55C3943F1B0235BC006B3769 /* Release */,
			);
			defaultConfigurationIsVisible = 0;
			defaultConfigurationName = Release;
		};
/* End XCConfigurationList section */
	};
	rootObject = 55C394131B0235BC006B3769 /* Project object */;
}
